// !$*UTF8*$!
{
	archiveVersion = 1;
	classes = {
	};
	objectVersion = 46;
	objects = {

/* Begin PBXBuildFile section */
		0CB8C04B1D913E00002BC3EF /* RNDFPBannerView.m in Sources */ = {isa = PBXBuildFile; fileRef = 0CB8C04A1D913E00002BC3EF /* RNDFPBannerView.m */; };
		0CB8C04E1D9143A6002BC3EF /* RNDFPBannerViewManager.m in Sources */ = {isa = PBXBuildFile; fileRef = 0CB8C04D1D9143A6002BC3EF /* RNDFPBannerViewManager.m */; };
		5E2419841FE11E0F00C6B738 /* RNAdMobUtils.m in Sources */ = {isa = PBXBuildFile; fileRef = 5E2419831FE11E0F00C6B738 /* RNAdMobUtils.m */; };
		5E86A6471F126FCE008013EB /* RCTConvert+GADAdSize.m in Sources */ = {isa = PBXBuildFile; fileRef = 5E86A6461F126FCE008013EB /* RCTConvert+GADAdSize.m */; };
		A90F2F8C1D50AEF200F2A2E3 /* RNAdMobRewarded.m in Sources */ = {isa = PBXBuildFile; fileRef = A90F2F8B1D50AEF200F2A2E3 /* RNAdMobRewarded.m */; };
		A962C2531CB27DBD00E508A1 /* RNAdMobInterstitial.m in Sources */ = {isa = PBXBuildFile; fileRef = A962C2521CB27DBD00E508A1 /* RNAdMobInterstitial.m */; };
		A96DA7841C146DA600FC639B /* RNGADBannerView.m in Sources */ = {isa = PBXBuildFile; fileRef = A96DA7811C146DA600FC639B /* RNGADBannerView.m */; };
		A96DA7851C146DA600FC639B /* RNGADBannerViewManager.m in Sources */ = {isa = PBXBuildFile; fileRef = A96DA7831C146DA600FC639B /* RNGADBannerViewManager.m */; };
/* End PBXBuildFile section */

/* Begin PBXCopyFilesBuildPhase section */
		A96DA7721C146D7200FC639B /* CopyFiles */ = {
			isa = PBXCopyFilesBuildPhase;
			buildActionMask = 2147483647;
			dstPath = "include/$(PRODUCT_NAME)";
			dstSubfolderSpec = 16;
			files = (
			);
			runOnlyForDeploymentPostprocessing = 0;
		};
/* End PBXCopyFilesBuildPhase section */

/* Begin PBXFileReference section */
		0CB8C0491D913E00002BC3EF /* RNDFPBannerView.h */ = {isa = PBXFileReference; fileEncoding = 4; lastKnownFileType = sourcecode.c.h; path = RNDFPBannerView.h; sourceTree = SOURCE_ROOT; };
		0CB8C04A1D913E00002BC3EF /* RNDFPBannerView.m */ = {isa = PBXFileReference; fileEncoding = 4; lastKnownFileType = sourcecode.c.objc; path = RNDFPBannerView.m; sourceTree = SOURCE_ROOT; };
		0CB8C04C1D9143A6002BC3EF /* RNDFPBannerViewManager.h */ = {isa = PBXFileReference; fileEncoding = 4; lastKnownFileType = sourcecode.c.h; path = RNDFPBannerViewManager.h; sourceTree = SOURCE_ROOT; };
		0CB8C04D1D9143A6002BC3EF /* RNDFPBannerViewManager.m */ = {isa = PBXFileReference; fileEncoding = 4; lastKnownFileType = sourcecode.c.objc; path = RNDFPBannerViewManager.m; sourceTree = SOURCE_ROOT; };
		5E2419831FE11E0F00C6B738 /* RNAdMobUtils.m */ = {isa = PBXFileReference; lastKnownFileType = sourcecode.c.objc; path = RNAdMobUtils.m; sourceTree = SOURCE_ROOT; };
		5E2419851FE11F1200C6B738 /* RNAdMobUtils.h */ = {isa = PBXFileReference; lastKnownFileType = sourcecode.c.h; path = RNAdMobUtils.h; sourceTree = SOURCE_ROOT; };
		5E86A6451F126FCE008013EB /* RCTConvert+GADAdSize.h */ = {isa = PBXFileReference; fileEncoding = 4; lastKnownFileType = sourcecode.c.h; path = "RCTConvert+GADAdSize.h"; sourceTree = SOURCE_ROOT; };
		5E86A6461F126FCE008013EB /* RCTConvert+GADAdSize.m */ = {isa = PBXFileReference; fileEncoding = 4; lastKnownFileType = sourcecode.c.objc; path = "RCTConvert+GADAdSize.m"; sourceTree = SOURCE_ROOT; };
		A90F2F8A1D50AEF200F2A2E3 /* RNAdMobRewarded.h */ = {isa = PBXFileReference; fileEncoding = 4; lastKnownFileType = sourcecode.c.h; path = RNAdMobRewarded.h; sourceTree = SOURCE_ROOT; };
		A90F2F8B1D50AEF200F2A2E3 /* RNAdMobRewarded.m */ = {isa = PBXFileReference; fileEncoding = 4; lastKnownFileType = sourcecode.c.objc; path = RNAdMobRewarded.m; sourceTree = SOURCE_ROOT; };
		A962C2511CB27DBD00E508A1 /* RNAdMobInterstitial.h */ = {isa = PBXFileReference; fileEncoding = 4; lastKnownFileType = sourcecode.c.h; path = RNAdMobInterstitial.h; sourceTree = SOURCE_ROOT; };
		A962C2521CB27DBD00E508A1 /* RNAdMobInterstitial.m */ = {isa = PBXFileReference; fileEncoding = 4; indentWidth = 4; lastKnownFileType = sourcecode.c.objc; path = RNAdMobInterstitial.m; sourceTree = SOURCE_ROOT; };
		A96DA7741C146D7200FC639B /* libRNAdMobManager.a */ = {isa = PBXFileReference; explicitFileType = archive.ar; includeInIndex = 0; path = libRNAdMobManager.a; sourceTree = BUILT_PRODUCTS_DIR; };
		A96DA7801C146DA600FC639B /* RNGADBannerView.h */ = {isa = PBXFileReference; fileEncoding = 4; lastKnownFileType = sourcecode.c.h; path = RNGADBannerView.h; sourceTree = SOURCE_ROOT; };
		A96DA7811C146DA600FC639B /* RNGADBannerView.m */ = {isa = PBXFileReference; fileEncoding = 4; lastKnownFileType = sourcecode.c.objc; path = RNGADBannerView.m; sourceTree = SOURCE_ROOT; };
		A96DA7821C146DA600FC639B /* RNGADBannerViewManager.h */ = {isa = PBXFileReference; fileEncoding = 4; lastKnownFileType = sourcecode.c.h; path = RNGADBannerViewManager.h; sourceTree = SOURCE_ROOT; };
		A96DA7831C146DA600FC639B /* RNGADBannerViewManager.m */ = {isa = PBXFileReference; fileEncoding = 4; lastKnownFileType = sourcecode.c.objc; path = RNGADBannerViewManager.m; sourceTree = SOURCE_ROOT; };
/* End PBXFileReference section */

/* Begin PBXFrameworksBuildPhase section */
		A96DA7711C146D7200FC639B /* Frameworks */ = {
			isa = PBXFrameworksBuildPhase;
			buildActionMask = 2147483647;
			files = (
			);
			runOnlyForDeploymentPostprocessing = 0;
		};
/* End PBXFrameworksBuildPhase section */

/* Begin PBXGroup section */
		A96DA76B1C146D7200FC639B = {
			isa = PBXGroup;
			children = (
				A96DA7761C146D7200FC639B /* RNAdMobManager */,
				A96DA7751C146D7200FC639B /* Products */,
			);
			sourceTree = "<group>";
		};
		A96DA7751C146D7200FC639B /* Products */ = {
			isa = PBXGroup;
			children = (
				A96DA7741C146D7200FC639B /* libRNAdMobManager.a */,
			);
			name = Products;
			sourceTree = "<group>";
		};
		A96DA7761C146D7200FC639B /* RNAdMobManager */ = {
			isa = PBXGroup;
			children = (
				0CB8C04C1D9143A6002BC3EF /* RNDFPBannerViewManager.h */,
				0CB8C04D1D9143A6002BC3EF /* RNDFPBannerViewManager.m */,
				A96DA7801C146DA600FC639B /* RNGADBannerView.h */,
				A96DA7811C146DA600FC639B /* RNGADBannerView.m */,
				A96DA7821C146DA600FC639B /* RNGADBannerViewManager.h */,
				A96DA7831C146DA600FC639B /* RNGADBannerViewManager.m */,
				A962C2511CB27DBD00E508A1 /* RNAdMobInterstitial.h */,
				A962C2521CB27DBD00E508A1 /* RNAdMobInterstitial.m */,
				0CB8C0491D913E00002BC3EF /* RNDFPBannerView.h */,
				0CB8C04A1D913E00002BC3EF /* RNDFPBannerView.m */,
				5E2419831FE11E0F00C6B738 /* RNAdMobUtils.m */,
				5E2419851FE11F1200C6B738 /* RNAdMobUtils.h */,
				A90F2F8A1D50AEF200F2A2E3 /* RNAdMobRewarded.h */,
				A90F2F8B1D50AEF200F2A2E3 /* RNAdMobRewarded.m */,
				5E86A6451F126FCE008013EB /* RCTConvert+GADAdSize.h */,
				5E86A6461F126FCE008013EB /* RCTConvert+GADAdSize.m */,
			);
			path = RNAdMobManager;
			sourceTree = "<group>";
		};
/* End PBXGroup section */

/* Begin PBXNativeTarget section */
		A96DA7731C146D7200FC639B /* RNAdMobManager */ = {
			isa = PBXNativeTarget;
			buildConfigurationList = A96DA77D1C146D7200FC639B /* Build configuration list for PBXNativeTarget "RNAdMobManager" */;
			buildPhases = (
				A96DA7701C146D7200FC639B /* Sources */,
				A96DA7711C146D7200FC639B /* Frameworks */,
				A96DA7721C146D7200FC639B /* CopyFiles */,
			);
			buildRules = (
			);
			dependencies = (
			);
			name = RNAdMobManager;
			productName = RNAdMobManager;
			productReference = A96DA7741C146D7200FC639B /* libRNAdMobManager.a */;
			productType = "com.apple.product-type.library.static";
		};
/* End PBXNativeTarget section */

/* Begin PBXProject section */
		A96DA76C1C146D7200FC639B /* Project object */ = {
			isa = PBXProject;
			attributes = {
				LastUpgradeCheck = 0710;
				ORGANIZATIONNAME = accosine;
				TargetAttributes = {
					A96DA7731C146D7200FC639B = {
						CreatedOnToolsVersion = 7.1;
						DevelopmentTeam = BMF2ZL32LL;
					};
				};
			};
			buildConfigurationList = A96DA76F1C146D7200FC639B /* Build configuration list for PBXProject "RNAdMobManager" */;
			compatibilityVersion = "Xcode 3.2";
			developmentRegion = English;
			hasScannedForEncodings = 0;
			knownRegions = (
				en,
			);
			mainGroup = A96DA76B1C146D7200FC639B;
			productRefGroup = A96DA7751C146D7200FC639B /* Products */;
			projectDirPath = "";
			projectRoot = "";
			targets = (
				A96DA7731C146D7200FC639B /* RNAdMobManager */,
			);
		};
/* End PBXProject section */

/* Begin PBXSourcesBuildPhase section */
		A96DA7701C146D7200FC639B /* Sources */ = {
			isa = PBXSourcesBuildPhase;
			buildActionMask = 2147483647;
			files = (
				A962C2531CB27DBD00E508A1 /* RNAdMobInterstitial.m in Sources */,
				0CB8C04B1D913E00002BC3EF /* RNDFPBannerView.m in Sources */,
				A90F2F8C1D50AEF200F2A2E3 /* RNAdMobRewarded.m in Sources */,
				A96DA7841C146DA600FC639B /* RNGADBannerView.m in Sources */,
				A96DA7851C146DA600FC639B /* RNGADBannerViewManager.m in Sources */,
				5E2419841FE11E0F00C6B738 /* RNAdMobUtils.m in Sources */,
				5E86A6471F126FCE008013EB /* RCTConvert+GADAdSize.m in Sources */,
				0CB8C04E1D9143A6002BC3EF /* RNDFPBannerViewManager.m in Sources */,
			);
			runOnlyForDeploymentPostprocessing = 0;
		};
/* End PBXSourcesBuildPhase section */

/* Begin XCBuildConfiguration section */
		A96DA77B1C146D7200FC639B /* Debug */ = {
			isa = XCBuildConfiguration;
			buildSettings = {
				ALWAYS_SEARCH_USER_PATHS = NO;
				CLANG_CXX_LANGUAGE_STANDARD = "gnu++0x";
				CLANG_CXX_LIBRARY = "libc++";
				CLANG_ENABLE_MODULES = YES;
				CLANG_ENABLE_OBJC_ARC = YES;
				CLANG_WARN_BOOL_CONVERSION = YES;
				CLANG_WARN_CONSTANT_CONVERSION = YES;
				CLANG_WARN_DIRECT_OBJC_ISA_USAGE = YES_ERROR;
				CLANG_WARN_EMPTY_BODY = YES;
				CLANG_WARN_ENUM_CONVERSION = YES;
				CLANG_WARN_INT_CONVERSION = YES;
				CLANG_WARN_OBJC_ROOT_CLASS = YES_ERROR;
				CLANG_WARN_UNREACHABLE_CODE = YES;
				CLANG_WARN__DUPLICATE_METHOD_MATCH = YES;
				"CODE_SIGN_IDENTITY[sdk=iphoneos*]" = "iPhone Developer";
				COPY_PHASE_STRIP = NO;
				DEBUG_INFORMATION_FORMAT = dwarf;
				ENABLE_STRICT_OBJC_MSGSEND = YES;
				ENABLE_TESTABILITY = YES;
				GCC_C_LANGUAGE_STANDARD = gnu99;
				GCC_DYNAMIC_NO_PIC = NO;
				GCC_NO_COMMON_BLOCKS = YES;
				GCC_OPTIMIZATION_LEVEL = 0;
				GCC_PREPROCESSOR_DEFINITIONS = (
					"DEBUG=1",
					"$(inherited)",
				);
				GCC_WARN_64_TO_32_BIT_CONVERSION = YES;
				GCC_WARN_ABOUT_RETURN_TYPE = YES_ERROR;
				GCC_WARN_UNDECLARED_SELECTOR = YES;
				GCC_WARN_UNINITIALIZED_AUTOS = YES_AGGRESSIVE;
				GCC_WARN_UNUSED_FUNCTION = YES;
				GCC_WARN_UNUSED_VARIABLE = YES;
				IPHONEOS_DEPLOYMENT_TARGET = 8.0;
				MTL_ENABLE_DEBUG_INFO = YES;
				ONLY_ACTIVE_ARCH = YES;
				SDKROOT = iphoneos;
			};
			name = Debug;
		};
		A96DA77C1C146D7200FC639B /* Release */ = {
			isa = XCBuildConfiguration;
			buildSettings = {
				ALWAYS_SEARCH_USER_PATHS = NO;
				CLANG_CXX_LANGUAGE_STANDARD = "gnu++0x";
				CLANG_CXX_LIBRARY = "libc++";
				CLANG_ENABLE_MODULES = YES;
				CLANG_ENABLE_OBJC_ARC = YES;
				CLANG_WARN_BOOL_CONVERSION = YES;
				CLANG_WARN_CONSTANT_CONVERSION = YES;
				CLANG_WARN_DIRECT_OBJC_ISA_USAGE = YES_ERROR;
				CLANG_WARN_EMPTY_BODY = YES;
				CLANG_WARN_ENUM_CONVERSION = YES;
				CLANG_WARN_INT_CONVERSION = YES;
				CLANG_WARN_OBJC_ROOT_CLASS = YES_ERROR;
				CLANG_WARN_UNREACHABLE_CODE = YES;
				CLANG_WARN__DUPLICATE_METHOD_MATCH = YES;
				"CODE_SIGN_IDENTITY[sdk=iphoneos*]" = "iPhone Developer";
				COPY_PHASE_STRIP = NO;
				DEBUG_INFORMATION_FORMAT = "dwarf-with-dsym";
				ENABLE_NS_ASSERTIONS = NO;
				ENABLE_STRICT_OBJC_MSGSEND = YES;
				GCC_C_LANGUAGE_STANDARD = gnu99;
				GCC_NO_COMMON_BLOCKS = YES;
				GCC_WARN_64_TO_32_BIT_CONVERSION = YES;
				GCC_WARN_ABOUT_RETURN_TYPE = YES_ERROR;
				GCC_WARN_UNDECLARED_SELECTOR = YES;
				GCC_WARN_UNINITIALIZED_AUTOS = YES_AGGRESSIVE;
				GCC_WARN_UNUSED_FUNCTION = YES;
				GCC_WARN_UNUSED_VARIABLE = YES;
				IPHONEOS_DEPLOYMENT_TARGET = 8.0;
				MTL_ENABLE_DEBUG_INFO = NO;
				SDKROOT = iphoneos;
				VALIDATE_PRODUCT = YES;
			};
			name = Release;
		};
		A96DA77E1C146D7200FC639B /* Debug */ = {
			isa = XCBuildConfiguration;
			buildSettings = {
				FRAMEWORK_SEARCH_PATHS = "$(PROJECT_DIR)/../../../ios/Pods/**";
				HEADER_SEARCH_PATHS = (
					"$(inherited)",
					"$(SRCROOT)/../../../node_modules/react-native/React/**",
				);
				OTHER_LDFLAGS = "-ObjC";
				PRODUCT_NAME = "$(TARGET_NAME)";
				SKIP_INSTALL = YES;
			};
			name = Debug;
		};
		A96DA77F1C146D7200FC639B /* Release */ = {
			isa = XCBuildConfiguration;
			buildSettings = {
				FRAMEWORK_SEARCH_PATHS = "$(PROJECT_DIR)/../../../ios/Pods/**";
				HEADER_SEARCH_PATHS = (
					"$(inherited)",
					"$(SRCROOT)/../../../node_modules/react-native/React/**",
				);
				OTHER_LDFLAGS = "-ObjC";
				PRODUCT_NAME = "$(TARGET_NAME)";
				SKIP_INSTALL = YES;
			};
			name = Release;
		};
/* End XCBuildConfiguration section */

/* Begin XCConfigurationList section */
		A96DA76F1C146D7200FC639B /* Build configuration list for PBXProject "RNAdMobManager" */ = {
			isa = XCConfigurationList;
			buildConfigurations = (
				A96DA77B1C146D7200FC639B /* Debug */,
				A96DA77C1C146D7200FC639B /* Release */,
			);
			defaultConfigurationIsVisible = 0;
			defaultConfigurationName = Release;
		};
		A96DA77D1C146D7200FC639B /* Build configuration list for PBXNativeTarget "RNAdMobManager" */ = {
			isa = XCConfigurationList;
			buildConfigurations = (
				A96DA77E1C146D7200FC639B /* Debug */,
				A96DA77F1C146D7200FC639B /* Release */,
			);
			defaultConfigurationIsVisible = 0;
			defaultConfigurationName = Release;
		};
/* End XCConfigurationList section */
	};
	rootObject = A96DA76C1C146D7200FC639B /* Project object */;
}
