PODS:
  - Firebase/AdMob (3.15.0):
    - Firebase/Core
    - Google-Mobile-Ads-SDK (= 7.19.0)
  - Firebase/Core (3.15.0):
    - FirebaseAnalytics (= 3.7.0)
    - FirebaseCore (= 3.5.2)
  - FirebaseAnalytics (3.7.0):
    - FirebaseCore (~> 3.5)
    - FirebaseInstanceID (~> 1.0)
    - GoogleToolboxForMac/NSData+zlib (~> 2.1)
  - FirebaseCore (3.5.2):
    - GoogleToolboxForMac/NSData+zlib (~> 2.1)
  - FirebaseInstanceID (1.0.9)
  - Google-Mobile-Ads-SDK (7.19.0)
  - GoogleToolboxForMac/Defines (2.1.1)
  - GoogleToolboxForMac/NSData+zlib (2.1.1):
    - GoogleToolboxForMac/Defines (= 2.1.1)

DEPENDENCIES:
  - Firebase/AdMob

SPEC CHECKSUMS:
  Firebase: 2b1cdfba1cda8589f32904a697cc753322bff9d8
  FirebaseAnalytics: 0d1b7d81d5021155be37702a94ba1ec16d45365d
  FirebaseCore: a024587e43778508700af8c6b1209f7c4516ba02
  FirebaseInstanceID: 2d0518b1378fe9d685ef40cbdd63d2fdc1125339
  Google-Mobile-Ads-SDK: d1bcdbd8347a105a687345b8511701172a5074e9
  GoogleToolboxForMac: 8e329f1b599f2512c6b10676d45736bcc2cbbeb0

PODFILE CHECKSUM: 1ee4c719b3d267f9798cdf226e3d777f271c827c

COCOAPODS: 1.2.0
